
Microsoft Visual Studio Solution File, Format Version 12.00
# Visual Studio Version 16
VisualStudioVersion = 16.0.29001.49
MinimumVisualStudioVersion = 10.0.40219.1
Project("{FAE04EC0-301F-11D3-BF4B-00C04F79EFBC}") = "FolderSharer", "src\FolderSharer\FolderSharer.csproj", "{D252FA17-E9DB-4144-A642-CABCF8DBD8C6}"
EndProject
Project("{2150E333-8FDC-42A3-9474-1A3956D46DE8}") = "Solution Items", "Solution Items", "{C6EC4510-E206-47C9-A6F0-94631C7EF291}"
	ProjectSection(SolutionItems) = preProject
		CHANGELOG.md = CHANGELOG.md
		README.md = README.md
	EndProjectSection
EndProject
Project("{2150E333-8FDC-42A3-9474-1A3956D46DE8}") = "art", "art", "{80CBC827-5186-4797-BDAF-528016F01A34}"
	ProjectSection(SolutionItems) = preProject
		art\about.png = art\about.png
		art\ic_folder_sharer.ico = art\ic_folder_sharer.ico
		art\share.png = art\share.png
		art\unshare.png = art\unshare.png
	EndProjectSection
EndProject
Global
	GlobalSection(SolutionConfigurationPlatforms) = preSolution
		Debug|Any CPU = Debug|Any CPU
		Release|Any CPU = Release|Any CPU
	EndGlobalSection
	GlobalSection(ProjectConfigurationPlatforms) = postSolution
		{D252FA17-E9DB-4144-A642-CABCF8DBD8C6}.Debug|Any CPU.ActiveCfg = Debug|Any CPU
		{D252FA17-E9DB-4144-A642-CABCF8DBD8C6}.Debug|Any CPU.Build.0 = Debug|Any CPU
		{D252FA17-E9DB-4144-A642-CABCF8DBD8C6}.Release|Any CPU.ActiveCfg = Release|Any CPU
		{D252FA17-E9DB-4144-A642-CABCF8DBD8C6}.Release|Any CPU.Build.0 = Release|Any CPU
	EndGlobalSection
	GlobalSection(SolutionProperties) = preSolution
		HideSolutionNode = FALSE
	EndGlobalSection
	GlobalSection(NestedProjects) = preSolution
		{80CBC827-5186-4797-BDAF-528016F01A34} = {C6EC4510-E206-47C9-A6F0-94631C7EF291}
	EndGlobalSection
	GlobalSection(ExtensibilityGlobals) = postSolution
		SolutionGuid = {130D689F-AE71-457C-B03E-2B039EC371D0}
	EndGlobalSection
EndGlobal
